# THIS IS AN AUTOGENERATED FILE. DO NOT EDIT THIS FILE DIRECTLY.
# yarn lockfile v1


"@rbxts/compiler-types@^1.2.7-types.0":
  version "1.2.7-types.0"
  resolved "https://registry.yarnpkg.com/@rbxts/compiler-types/-/compiler-types-1.2.7-types.0.tgz#11d673450592eb7aa7934c91c85058ef1d720649"
  integrity sha512-YBOO79OuCEMr7DmTJxWywhIAS//wgzUx0DM9WVR9iJGxNyM0s5QZCqoERRS2bggW1V34R5BeYdfFVLDkldk81g==

"@rbxts/types@^1.0.551":
  version "1.0.551"
  resolved "https://registry.yarnpkg.com/@rbxts/types/-/types-1.0.551.tgz#e4641407721ea4de2452672dcf1ac8d1e2777ca8"
  integrity sha512-ooXjlz4Pm478STNPAHO+STzKul1p1O9v9dnL/2VQoKTxbYVcy5FrejD4PTWqbEHa4Zx5tKpQG10WGOoKpoe+iw==
